
Microsoft Visual Studio Solution File, Format Version 12.00
# Visual Studio Version 17
VisualStudioVersion = 17.4.33205.214
MinimumVisualStudioVersion = 10.0.40219.1
Project("{9A19103F-16F7-4668-BE54-9A1E7A4F7556}") = "Server", "Server\Server.csproj", "{D2FC16E0-C0DF-45B5-8CAE-A6E15D4358CA}"
EndProject
Project("{9A19103F-16F7-4668-BE54-9A1E7A4F7556}") = "Client", "Client\Client.csproj", "{66998AA8-6982-46AC-A978-C5D70268425A}"
EndProject
Project("{9A19103F-16F7-4668-BE54-9A1E7A4F7556}") = "Commons", "Commons\Commons.csproj", "{427935BB-DFA3-4486-A460-873EEAC29E16}"
EndProject
Global
	GlobalSection(SolutionConfigurationPlatforms) = preSolution
		Debug|Any CPU = Debug|Any CPU
		Release|Any CPU = Release|Any CPU
	EndGlobalSection
	GlobalSection(ProjectConfigurationPlatforms) = postSolution
		{D2FC16E0-C0DF-45B5-8CAE-A6E15D4358CA}.Debug|Any CPU.ActiveCfg = Debug|Any CPU
		{D2FC16E0-C0DF-45B5-8CAE-A6E15D4358CA}.Debug|Any CPU.Build.0 = Debug|Any CPU
		{D2FC16E0-C0DF-45B5-8CAE-A6E15D4358CA}.Release|Any CPU.ActiveCfg = Release|Any CPU
		{D2FC16E0-C0DF-45B5-8CAE-A6E15D4358CA}.Release|Any CPU.Build.0 = Release|Any CPU
		{66998AA8-6982-46AC-A978-C5D70268425A}.Debug|Any CPU.ActiveCfg = Debug|Any CPU
		{66998AA8-6982-46AC-A978-C5D70268425A}.Debug|Any CPU.Build.0 = Debug|Any CPU
		{66998AA8-6982-46AC-A978-C5D70268425A}.Release|Any CPU.ActiveCfg = Release|Any CPU
		{66998AA8-6982-46AC-A978-C5D70268425A}.Release|Any CPU.Build.0 = Release|Any CPU
		{427935BB-DFA3-4486-A460-873EEAC29E16}.Debug|Any CPU.ActiveCfg = Debug|Any CPU
		{427935BB-DFA3-4486-A460-873EEAC29E16}.Debug|Any CPU.Build.0 = Debug|Any CPU
		{427935BB-DFA3-4486-A460-873EEAC29E16}.Release|Any CPU.ActiveCfg = Release|Any CPU
		{427935BB-DFA3-4486-A460-873EEAC29E16}.Release|Any CPU.Build.0 = Release|Any CPU
	EndGlobalSection
	GlobalSection(SolutionProperties) = preSolution
		HideSolutionNode = FALSE
	EndGlobalSection
	GlobalSection(ExtensibilityGlobals) = postSolution
		SolutionGuid = {4321FF9C-019B-4AEE-A151-F59FB3CFA894}
	EndGlobalSection
EndGlobal
